
Microsoft Visual Studio Solution File, Format Version 11.00
# Visual Studio 2010
Project("{FAE04EC0-301F-11D3-BF4B-00C04F79EFBC}") = "Assembly-CSharp", "Assembly-CSharp.csproj", "{18d51afd-758d-54d1-4c22-d50c318b0d77}"
EndProject
Project("{FAE04EC0-301F-11D3-BF4B-00C04F79EFBC}") = "Assembly-CSharp-Editor", "Assembly-CSharp-Editor.csproj", "{b3199d67-7d03-5a74-5c2d-1561b1397a31}"
EndProject
Global
	GlobalSection(SolutionConfigurationPlatforms) = preSolution
		Debug|Any CPU = Debug|Any CPU
	EndGlobalSection
	GlobalSection(ProjectConfigurationPlatforms) = postSolution
		{18d51afd-758d-54d1-4c22-d50c318b0d77}.Debug|Any CPU.ActiveCfg = Debug|Any CPU
		{18d51afd-758d-54d1-4c22-d50c318b0d77}.Debug|Any CPU.Build.0 = Debug|Any CPU
		{b3199d67-7d03-5a74-5c2d-1561b1397a31}.Debug|Any CPU.ActiveCfg = Debug|Any CPU
		{b3199d67-7d03-5a74-5c2d-1561b1397a31}.Debug|Any CPU.Build.0 = Debug|Any CPU
	EndGlobalSection
	GlobalSection(SolutionProperties) = preSolution
		HideSolutionNode = FALSE
	EndGlobalSection
EndGlobal
